
Microsoft Visual Studio Solution File, Format Version 12.00
# Visual Studio Version 17
VisualStudioVersion = 17.5.33414.496
MinimumVisualStudioVersion = 10.0.40219.1
Project("{FAE04EC0-301F-11D3-BF4B-00C04F79EFBC}") = "Sanaris", "Sanaris\Sanaris.csproj", "{03991BEF-CACA-44D9-9AC2-EDF9D2189220}"
EndProject
Global
	GlobalSection(SolutionConfigurationPlatforms) = preSolution
		Debug|Any CPU = Debug|Any CPU
		Release|Any CPU = Release|Any CPU
	EndGlobalSection
	GlobalSection(ProjectConfigurationPlatforms) = postSolution
		{03991BEF-CACA-44D9-9AC2-EDF9D2189220}.Debug|Any CPU.ActiveCfg = Debug|Any CPU
		{03991BEF-CACA-44D9-9AC2-EDF9D2189220}.Debug|Any CPU.Build.0 = Debug|Any CPU
		{03991BEF-CACA-44D9-9AC2-EDF9D2189220}.Release|Any CPU.ActiveCfg = Release|Any CPU
		{03991BEF-CACA-44D9-9AC2-EDF9D2189220}.Release|Any CPU.Build.0 = Release|Any CPU
	EndGlobalSection
	GlobalSection(SolutionProperties) = preSolution
		HideSolutionNode = FALSE
	EndGlobalSection
	GlobalSection(ExtensibilityGlobals) = postSolution
		SolutionGuid = {8DA0A12C-C1A2-49FF-B75A-5F89D646255A}
	EndGlobalSection
EndGlobal
